
Microsoft Visual Studio Solution File, Format Version 12.00
# Visual Studio Version 17
VisualStudioVersion = 17.7.34202.233
MinimumVisualStudioVersion = 10.0.40219.1
Project("{888888A0-9F3D-457C-B088-3A5042F75D52}") = "PythonGame", "PythonGame.pyproj", "{927343A2-3B85-4787-AE8B-0051F5C12CA0}"
EndProject
Global
	GlobalSection(SolutionConfigurationPlatforms) = preSolution
		Debug|Any CPU = Debug|Any CPU
		Release|Any CPU = Release|Any CPU
	EndGlobalSection
	GlobalSection(ProjectConfigurationPlatforms) = postSolution
		{927343A2-3B85-4787-AE8B-0051F5C12CA0}.Debug|Any CPU.ActiveCfg = Debug|Any CPU
		{927343A2-3B85-4787-AE8B-0051F5C12CA0}.Release|Any CPU.ActiveCfg = Release|Any CPU
	EndGlobalSection
	GlobalSection(SolutionProperties) = preSolution
		HideSolutionNode = FALSE
	EndGlobalSection
	GlobalSection(ExtensibilityGlobals) = postSolution
		SolutionGuid = {CB64250D-CEF3-41B9-99CC-7C20A119C8CB}
	EndGlobalSection
EndGlobal
